
Microsoft Visual Studio Solution File, Format Version 12.00
# Visual Studio 15
VisualStudioVersion = 15.0.27130.2036
MinimumVisualStudioVersion = 10.0.40219.1
Project("{FAE04EC0-301F-11D3-BF4B-00C04F79EFBC}") = "Blog", "Blog\Blog.csproj", "{6ACB2F27-92E0-470A-8FF7-39ED2F336BCF}"
EndProject
Global
	GlobalSection(SolutionConfigurationPlatforms) = preSolution
		Debug|Any CPU = Debug|Any CPU
		Release|Any CPU = Release|Any CPU
	EndGlobalSection
	GlobalSection(ProjectConfigurationPlatforms) = postSolution
		{6ACB2F27-92E0-470A-8FF7-39ED2F336BCF}.Debug|Any CPU.ActiveCfg = Debug|Any CPU
		{6ACB2F27-92E0-470A-8FF7-39ED2F336BCF}.Debug|Any CPU.Build.0 = Debug|Any CPU
		{6ACB2F27-92E0-470A-8FF7-39ED2F336BCF}.Release|Any CPU.ActiveCfg = Release|Any CPU
		{6ACB2F27-92E0-470A-8FF7-39ED2F336BCF}.Release|Any CPU.Build.0 = Release|Any CPU
	EndGlobalSection
	GlobalSection(SolutionProperties) = preSolution
		HideSolutionNode = FALSE
	EndGlobalSection
	GlobalSection(ExtensibilityGlobals) = postSolution
		SolutionGuid = {C560D905-6878-4E5B-9E28-8EB4B89F1729}
	EndGlobalSection
EndGlobal
